{
  "name": "ks-node-tools",
  "version": "1.0.2",
  "lockfileVersion": 1,
  "requires": true,
  "dependencies": {
    "commander": {
      "version": "http://registry.npm.taobao.org/commander/download/commander-2.12.2.tgz"
    },
    "encoding": {
      "version": "http://registry.npm.taobao.org/encoding/download/encoding-0.1.12.tgz",
      "requires": {
        "iconv-lite": "http://registry.npm.taobao.org/iconv-lite/download/iconv-lite-0.4.19.tgz"
      },
      "dependencies": {
        "iconv-lite": {
          "version": "http://registry.npm.taobao.org/iconv-lite/download/iconv-lite-0.4.19.tgz",
          "bundled": true
        }
      }
    },
    "iconv-lite": {
      "version": "http://registry.npm.taobao.org/iconv-lite/download/iconv-lite-0.4.19.tgz"
    }
  }
}
